
Microsoft Visual Studio Solution File, Format Version 12.00
# Visual Studio Version 17
VisualStudioVersion = 17.7.34024.191
MinimumVisualStudioVersion = 10.0.40219.1
Project("{FAE04EC0-301F-11D3-BF4B-00C04F79EFBC}") = "Module10.HomeWork", "Module10\Module10.HomeWork.csproj", "{E732108F-72E6-46EE-980A-B6F56B6F58ED}"
EndProject
Global
	GlobalSection(SolutionConfigurationPlatforms) = preSolution
		Debug|Any CPU = Debug|Any CPU
		Release|Any CPU = Release|Any CPU
	EndGlobalSection
	GlobalSection(ProjectConfigurationPlatforms) = postSolution
		{E732108F-72E6-46EE-980A-B6F56B6F58ED}.Debug|Any CPU.ActiveCfg = Debug|Any CPU
		{E732108F-72E6-46EE-980A-B6F56B6F58ED}.Debug|Any CPU.Build.0 = Debug|Any CPU
		{E732108F-72E6-46EE-980A-B6F56B6F58ED}.Release|Any CPU.ActiveCfg = Release|Any CPU
		{E732108F-72E6-46EE-980A-B6F56B6F58ED}.Release|Any CPU.Build.0 = Release|Any CPU
	EndGlobalSection
	GlobalSection(SolutionProperties) = preSolution
		HideSolutionNode = FALSE
	EndGlobalSection
	GlobalSection(ExtensibilityGlobals) = postSolution
		SolutionGuid = {40A4F257-9A9F-4ED3-87C5-63E98D55E659}
	EndGlobalSection
EndGlobal
